<?xml version="1.0" encoding="utf-8"?>
<Project ToolsVersion="4.0" xmlns="http://schemas.microsoft.com/developer/msbuild/2003">
  <ItemGroup>
    <Filter Include="Rengine">
      <UniqueIdentifier>{6DEA809F-D9C9-FF3A-E2E1-8A114E40669C}</UniqueIdentifier>
    </Filter>
  </ItemGroup>
  <ItemGroup>
    <ClInclude Include="src\Rengine.h" />
    <ClInclude Include="src\Rengine\Application.h">
      <Filter>Rengine</Filter>
    </ClInclude>
    <ClInclude Include="src\Rengine\Core.h">
      <Filter>Rengine</Filter>
    </ClInclude>
    <ClInclude Include="src\Rengine\EntryPoint.h">
      <Filter>Rengine</Filter>
    </ClInclude>
    <ClInclude Include="src\Rengine\Log.h">
      <Filter>Rengine</Filter>
    </ClInclude>
  </ItemGroup>
  <ItemGroup>
    <ClCompile Include="src\Rengine\Application.cpp">
      <Filter>Rengine</Filter>
    </ClCompile>
    <ClCompile Include="src\Rengine\Log.cpp">
      <Filter>Rengine</Filter>
    </ClCompile>
  </ItemGroup>
</Project>